# THIS IS AN AUTOGENERATED FILE. DO NOT EDIT THIS FILE DIRECTLY.
# yarn lockfile v1


"@angular/common@^11.2.9":
  "integrity" "sha512-eguQEg5GQW1geUa9w00Nabz1BZKOj3rR1Wm6pYlLRF7KdWMDvpJ9xkG2P0X7YoqnWxX8GPqcsl2J3Ds+KDXJLA=="
  "resolved" "https://registry.npmjs.org/@angular/common/-/common-11.2.10.tgz"
  "version" "11.2.10"
  dependencies:
    "tslib" "^2.0.0"

"@angular/core@^11.2.9", "@angular/core@11.2.10":
  "integrity" "sha512-1nZGSVZPvTA6rFJhoivcUKm2YBx9A+569cV1UTPlXjcpO+wNcrrXG+6yjxS2wAffTWEQ7xA0ajyo8mZrpqqw9Q=="
  "resolved" "https://registry.npmjs.org/@angular/core/-/core-11.2.10.tgz"
  "version" "11.2.10"
  dependencies:
    "tslib" "^2.0.0"

"rxjs@^6.0.1", "rxjs@^6.5.3":
  "integrity" "sha512-hTdwr+7yYNIT5n4AMYp85KA6yw2Va0FLa3Rguvbpa4W3I5xynaBZo41cM3XM+4Q6fRMj3sBYIR1VAmZMXYJvRQ=="
  "resolved" "https://registry.npmjs.org/rxjs/-/rxjs-6.6.7.tgz"
  "version" "6.6.7"
  dependencies:
    "tslib" "^1.9.0"

"tslib@^1.9.0":
  "integrity" "sha512-Xni35NKzjgMrwevysHTCArtLDpPvye8zV/0E4EyYn43P7/7qvQwPh9BGkHewbMulVntbigmcT7rdX3BNo9wRJg=="
  "resolved" "https://registry.npmjs.org/tslib/-/tslib-1.14.1.tgz"
  "version" "1.14.1"

"tslib@^2.0.0":
  "integrity" "sha512-gS9GVHRU+RGn5KQM2rllAlR3dU6m7AcpJKdtH8gFvQiC4Otgk98XnmMU+nZenHt/+VhnBPWwgrJsyrdcw6i23w=="
  "resolved" "https://registry.npmjs.org/tslib/-/tslib-2.2.0.tgz"
  "version" "2.2.0"

"zone.js@^0.10.2 || ^0.11.3":
  "integrity" "sha512-DDh2Ab+A/B+9mJyajPjHFPWfYU1H+pdun4wnnk0OcQTNjem1XQSZ2CDW+rfZEUDjv5M19SBqAkjZi0x5wuB5Qw=="
  "resolved" "https://registry.npmjs.org/zone.js/-/zone.js-0.11.4.tgz"
  "version" "0.11.4"
  dependencies:
    "tslib" "^2.0.0"
